
Microsoft Visual Studio Solution File, Format Version 12.00
# Visual Studio Version 17
VisualStudioVersion = 17.14.37614.0
MinimumVisualStudioVersion = 10.0.40219.1
Project("{FAE04EC0-301F-11D3-BF4B-00C04F79EFBC}") = "Third_ASP_EF_MVC", "Third_ASP_EF_MVC\Third_ASP_EF_MVC.csproj", "{9D4C6062-5ADC-47B3-B75A-0EE50BC73F9C}"
EndProject
Project("{FAE04EC0-301F-11D3-BF4B-00C04F79EFBC}") = "SystemRoles", "SystemRoles\SystemRoles.csproj", "{0644A3C4-EFA7-4588-9951-78A988D68FF0}"
EndProject
Project("{FAE04EC0-301F-11D3-BF4B-00C04F79EFBC}") = "Third_ASP_EF_MVC.Application", "Third_ASP_EF_MVC.Application\Third_ASP_EF_MVC.Application.csproj", "{8A00B99B-480F-4B28-BDDB-A6FA31049927}"
EndProject
Project("{FAE04EC0-301F-11D3-BF4B-00C04F79EFBC}") = "Third_ASP_EF_MVC.Domain", "Third_ASP_EF_MVC.Domain\Third_ASP_EF_MVC.Domain.csproj", "{02CF8E12-7CB1-4458-81AB-EBA2AD7108A4}"
EndProject
Project("{FAE04EC0-301F-11D3-BF4B-00C04F79EFBC}") = "Third_ASP_EF_MVC.Infrastructure", "Third_ASP_EF_MVC.Infrastructure\Third_ASP_EF_MVC.Infrastructure.csproj", "{73D271D8-15E7-4681-ACE6-A197DBE95355}"
EndProject
Project("{FAE04EC0-301F-11D3-BF4B-00C04F79EFBC}") = "Third_ASP_EF_API", "Third_ASP_EF_API\Third_ASP_EF_API.csproj", "{F37FBF81-BB52-4846-84ED-47A901BD399B}"
EndProject
Global
	GlobalSection(SolutionConfigurationPlatforms) = preSolution
		Debug|Any CPU = Debug|Any CPU
		Release|Any CPU = Release|Any CPU
	EndGlobalSection
	GlobalSection(ProjectConfigurationPlatforms) = postSolution
		{9D4C6062-5ADC-47B3-B75A-0EE50BC73F9C}.Debug|Any CPU.ActiveCfg = Debug|Any CPU
		{9D4C6062-5ADC-47B3-B75A-0EE50BC73F9C}.Debug|Any CPU.Build.0 = Debug|Any CPU
		{9D4C6062-5ADC-47B3-B75A-0EE50BC73F9C}.Release|Any CPU.ActiveCfg = Release|Any CPU
		{9D4C6062-5ADC-47B3-B75A-0EE50BC73F9C}.Release|Any CPU.Build.0 = Release|Any CPU
		{0644A3C4-EFA7-4588-9951-78A988D68FF0}.Debug|Any CPU.ActiveCfg = Debug|Any CPU
		{0644A3C4-EFA7-4588-9951-78A988D68FF0}.Debug|Any CPU.Build.0 = Debug|Any CPU
		{0644A3C4-EFA7-4588-9951-78A988D68FF0}.Release|Any CPU.ActiveCfg = Release|Any CPU
		{0644A3C4-EFA7-4588-9951-78A988D68FF0}.Release|Any CPU.Build.0 = Release|Any CPU
		{8A00B99B-480F-4B28-BDDB-A6FA31049927}.Debug|Any CPU.ActiveCfg = Debug|Any CPU
		{8A00B99B-480F-4B28-BDDB-A6FA31049927}.Debug|Any CPU.Build.0 = Debug|Any CPU
		{8A00B99B-480F-4B28-BDDB-A6FA31049927}.Release|Any CPU.ActiveCfg = Release|Any CPU
		{8A00B99B-480F-4B28-BDDB-A6FA31049927}.Release|Any CPU.Build.0 = Release|Any CPU
		{02CF8E12-7CB1-4458-81AB-EBA2AD7108A4}.Debug|Any CPU.ActiveCfg = Debug|Any CPU
		{02CF8E12-7CB1-4458-81AB-EBA2AD7108A4}.Debug|Any CPU.Build.0 = Debug|Any CPU
		{02CF8E12-7CB1-4458-81AB-EBA2AD7108A4}.Release|Any CPU.ActiveCfg = Release|Any CPU
		{02CF8E12-7CB1-4458-81AB-EBA2AD7108A4}.Release|Any CPU.Build.0 = Release|Any CPU
		{73D271D8-15E7-4681-ACE6-A197DBE95355}.Debug|Any CPU.ActiveCfg = Debug|Any CPU
		{73D271D8-15E7-4681-ACE6-A197DBE95355}.Debug|Any CPU.Build.0 = Debug|Any CPU
		{73D271D8-15E7-4681-ACE6-A197DBE95355}.Release|Any CPU.ActiveCfg = Release|Any CPU
		{73D271D8-15E7-4681-ACE6-A197DBE95355}.Release|Any CPU.Build.0 = Release|Any CPU
		{F37FBF81-BB52-4846-84ED-47A901BD399B}.Debug|Any CPU.ActiveCfg = Debug|Any CPU
		{F37FBF81-BB52-4846-84ED-47A901BD399B}.Debug|Any CPU.Build.0 = Debug|Any CPU
		{F37FBF81-BB52-4846-84ED-47A901BD399B}.Release|Any CPU.ActiveCfg = Release|Any CPU
		{F37FBF81-BB52-4846-84ED-47A901BD399B}.Release|Any CPU.Build.0 = Release|Any CPU
	EndGlobalSection
	GlobalSection(SolutionProperties) = preSolution
		HideSolutionNode = FALSE
	EndGlobalSection
	GlobalSection(ExtensibilityGlobals) = postSolution
		SolutionGuid = {54B242CF-8C2E-4FCC-ADCF-6C11A78553D6}
	EndGlobalSection
EndGlobal
